
Microsoft Visual Studio Solution File, Format Version 12.00
# Visual Studio Version 17
VisualStudioVersion = 17.8.34309.116
MinimumVisualStudioVersion = 10.0.40219.1
Project("{778DAE3C-4631-46EA-AA77-85C1314464D9}") = "HMM", "HMM\HMM.vbproj", "{3B9EDFFD-67FC-41CE-B573-6E1291E88EC6}"
EndProject
Project("{778DAE3C-4631-46EA-AA77-85C1314464D9}") = "Test", "HMM\Test\Test.vbproj", "{9A2D3879-9D69-41C2-98FB-F4A55269AF7E}"
EndProject
Project("{2150E333-8FDC-42A3-9474-1A3956D46DE8}") = "framework", "framework", "{DFFE0BD8-D565-40E3-9A2C-F25D77B14A37}"
EndProject
Project("{778DAE3C-4631-46EA-AA77-85C1314464D9}") = "TalkGenerator", "Talk\TalkGenerator.vbproj", "{DFB8C69C-ECE5-4A1D-B3B1-606BF4FF5BB1}"
EndProject
Project("{778DAE3C-4631-46EA-AA77-85C1314464D9}") = "Core", "..\GCModeller\src\runtime\sciBASIC#\Microsoft.VisualBasic.Core\src\Core.vbproj", "{FFF8F266-3475-4A74-83D7-3E9BE2F09945}"
EndProject
Project("{778DAE3C-4631-46EA-AA77-85C1314464D9}") = "Math.NET5", "..\GCModeller\src\runtime\sciBASIC#\Data_science\Mathematica\Math\Math\Math.NET5.vbproj", "{4787540B-8C65-4C90-A364-D75E76B95D36}"
EndProject
Project("{778DAE3C-4631-46EA-AA77-85C1314464D9}") = "NLP.NET", "..\GCModeller\src\runtime\sciBASIC#\Data_science\NLP\NLP.NET.vbproj", "{EA0EF421-BDFF-4365-8392-65F5B08EAAA2}"
EndProject
Project("{778DAE3C-4631-46EA-AA77-85C1314464D9}") = "Trinity.NET5", "..\GCModeller\src\runtime\sciBASIC#\Data\Trinity\Trinity.NET5.vbproj", "{2587F68B-ECCB-4224-AFED-60BDF91445F4}"
EndProject
Global
	GlobalSection(SolutionConfigurationPlatforms) = preSolution
		Debug|Any CPU = Debug|Any CPU
		Debug|x64 = Debug|x64
		Debug|x86 = Debug|x86
		Docker|Any CPU = Docker|Any CPU
		Docker|x64 = Docker|x64
		Docker|x86 = Docker|x86
		gcmodeller_desktop|Any CPU = gcmodeller_desktop|Any CPU
		gcmodeller_desktop|x64 = gcmodeller_desktop|x64
		gcmodeller_desktop|x86 = gcmodeller_desktop|x86
		LipidSearch|Any CPU = LipidSearch|Any CPU
		LipidSearch|x64 = LipidSearch|x64
		LipidSearch|x86 = LipidSearch|x86
		mzkit_win32|Any CPU = mzkit_win32|Any CPU
		mzkit_win32|x64 = mzkit_win32|x64
		mzkit_win32|x86 = mzkit_win32|x86
		mzkit|Any CPU = mzkit|Any CPU
		mzkit|x64 = mzkit|x64
		mzkit|x86 = mzkit|x86
		NPSearch|Any CPU = NPSearch|Any CPU
		NPSearch|x64 = NPSearch|x64
		NPSearch|x86 = NPSearch|x86
		PlantMAT|Any CPU = PlantMAT|Any CPU
		PlantMAT|x64 = PlantMAT|x64
		PlantMAT|x86 = PlantMAT|x86
		Release|Any CPU = Release|Any CPU
		Release|x64 = Release|x64
		Release|x86 = Release|x86
		Rsharp_app_release|Any CPU = Rsharp_app_release|Any CPU
		Rsharp_app_release|x64 = Rsharp_app_release|x64
		Rsharp_app_release|x86 = Rsharp_app_release|x86
	EndGlobalSection
	GlobalSection(ProjectConfigurationPlatforms) = postSolution
		{3B9EDFFD-67FC-41CE-B573-6E1291E88EC6}.Debug|Any CPU.ActiveCfg = Debug|Any CPU
		{3B9EDFFD-67FC-41CE-B573-6E1291E88EC6}.Debug|Any CPU.Build.0 = Debug|Any CPU
		{3B9EDFFD-67FC-41CE-B573-6E1291E88EC6}.Debug|x64.ActiveCfg = Debug|x64
		{3B9EDFFD-67FC-41CE-B573-6E1291E88EC6}.Debug|x64.Build.0 = Debug|x64
		{3B9EDFFD-67FC-41CE-B573-6E1291E88EC6}.Debug|x86.ActiveCfg = Debug|Any CPU
		{3B9EDFFD-67FC-41CE-B573-6E1291E88EC6}.Debug|x86.Build.0 = Debug|Any CPU
		{3B9EDFFD-67FC-41CE-B573-6E1291E88EC6}.Docker|Any CPU.ActiveCfg = Debug|Any CPU
		{3B9EDFFD-67FC-41CE-B573-6E1291E88EC6}.Docker|Any CPU.Build.0 = Debug|Any CPU
		{3B9EDFFD-67FC-41CE-B573-6E1291E88EC6}.Docker|x64.ActiveCfg = Debug|x64
		{3B9EDFFD-67FC-41CE-B573-6E1291E88EC6}.Docker|x64.Build.0 = Debug|x64
		{3B9EDFFD-67FC-41CE-B573-6E1291E88EC6}.Docker|x86.ActiveCfg = Debug|x86
		{3B9EDFFD-67FC-41CE-B573-6E1291E88EC6}.Docker|x86.Build.0 = Debug|x86
		{3B9EDFFD-67FC-41CE-B573-6E1291E88EC6}.gcmodeller_desktop|Any CPU.ActiveCfg = Publish|Any CPU
		{3B9EDFFD-67FC-41CE-B573-6E1291E88EC6}.gcmodeller_desktop|Any CPU.Build.0 = Publish|Any CPU
		{3B9EDFFD-67FC-41CE-B573-6E1291E88EC6}.gcmodeller_desktop|x64.ActiveCfg = Release|x64
		{3B9EDFFD-67FC-41CE-B573-6E1291E88EC6}.gcmodeller_desktop|x64.Build.0 = Release|x64
		{3B9EDFFD-67FC-41CE-B573-6E1291E88EC6}.gcmodeller_desktop|x86.ActiveCfg = Debug|x86
		{3B9EDFFD-67FC-41CE-B573-6E1291E88EC6}.gcmodeller_desktop|x86.Build.0 = Debug|x86
		{3B9EDFFD-67FC-41CE-B573-6E1291E88EC6}.LipidSearch|Any CPU.ActiveCfg = Publish|Any CPU
		{3B9EDFFD-67FC-41CE-B573-6E1291E88EC6}.LipidSearch|Any CPU.Build.0 = Publish|Any CPU
		{3B9EDFFD-67FC-41CE-B573-6E1291E88EC6}.LipidSearch|x64.ActiveCfg = Release|x64
		{3B9EDFFD-67FC-41CE-B573-6E1291E88EC6}.LipidSearch|x64.Build.0 = Release|x64
		{3B9EDFFD-67FC-41CE-B573-6E1291E88EC6}.LipidSearch|x86.ActiveCfg = Debug|x86
		{3B9EDFFD-67FC-41CE-B573-6E1291E88EC6}.LipidSearch|x86.Build.0 = Debug|x86
		{3B9EDFFD-67FC-41CE-B573-6E1291E88EC6}.mzkit_win32|Any CPU.ActiveCfg = Publish|Any CPU
		{3B9EDFFD-67FC-41CE-B573-6E1291E88EC6}.mzkit_win32|Any CPU.Build.0 = Publish|Any CPU
		{3B9EDFFD-67FC-41CE-B573-6E1291E88EC6}.mzkit_win32|x64.ActiveCfg = Release|x64
		{3B9EDFFD-67FC-41CE-B573-6E1291E88EC6}.mzkit_win32|x64.Build.0 = Release|x64
		{3B9EDFFD-67FC-41CE-B573-6E1291E88EC6}.mzkit_win32|x86.ActiveCfg = Debug|x86
		{3B9EDFFD-67FC-41CE-B573-6E1291E88EC6}.mzkit_win32|x86.Build.0 = Debug|x86
		{3B9EDFFD-67FC-41CE-B573-6E1291E88EC6}.mzkit|Any CPU.ActiveCfg = Publish|Any CPU
		{3B9EDFFD-67FC-41CE-B573-6E1291E88EC6}.mzkit|Any CPU.Build.0 = Publish|Any CPU
		{3B9EDFFD-67FC-41CE-B573-6E1291E88EC6}.mzkit|x64.ActiveCfg = Release|x64
		{3B9EDFFD-67FC-41CE-B573-6E1291E88EC6}.mzkit|x64.Build.0 = Release|x64
		{3B9EDFFD-67FC-41CE-B573-6E1291E88EC6}.mzkit|x86.ActiveCfg = Debug|x86
		{3B9EDFFD-67FC-41CE-B573-6E1291E88EC6}.mzkit|x86.Build.0 = Debug|x86
		{3B9EDFFD-67FC-41CE-B573-6E1291E88EC6}.NPSearch|Any CPU.ActiveCfg = Publish|Any CPU
		{3B9EDFFD-67FC-41CE-B573-6E1291E88EC6}.NPSearch|Any CPU.Build.0 = Publish|Any CPU
		{3B9EDFFD-67FC-41CE-B573-6E1291E88EC6}.NPSearch|x64.ActiveCfg = Release|x64
		{3B9EDFFD-67FC-41CE-B573-6E1291E88EC6}.NPSearch|x64.Build.0 = Release|x64
		{3B9EDFFD-67FC-41CE-B573-6E1291E88EC6}.NPSearch|x86.ActiveCfg = Debug|x86
		{3B9EDFFD-67FC-41CE-B573-6E1291E88EC6}.NPSearch|x86.Build.0 = Debug|x86
		{3B9EDFFD-67FC-41CE-B573-6E1291E88EC6}.PlantMAT|Any CPU.ActiveCfg = Publish|Any CPU
		{3B9EDFFD-67FC-41CE-B573-6E1291E88EC6}.PlantMAT|Any CPU.Build.0 = Publish|Any CPU
		{3B9EDFFD-67FC-41CE-B573-6E1291E88EC6}.PlantMAT|x64.ActiveCfg = Publish|x64
		{3B9EDFFD-67FC-41CE-B573-6E1291E88EC6}.PlantMAT|x64.Build.0 = Publish|x64
		{3B9EDFFD-67FC-41CE-B573-6E1291E88EC6}.PlantMAT|x86.ActiveCfg = Publish|x86
		{3B9EDFFD-67FC-41CE-B573-6E1291E88EC6}.PlantMAT|x86.Build.0 = Publish|x86
		{3B9EDFFD-67FC-41CE-B573-6E1291E88EC6}.Release|Any CPU.ActiveCfg = Release|Any CPU
		{3B9EDFFD-67FC-41CE-B573-6E1291E88EC6}.Release|Any CPU.Build.0 = Release|Any CPU
		{3B9EDFFD-67FC-41CE-B573-6E1291E88EC6}.Release|x64.ActiveCfg = Release|Any CPU
		{3B9EDFFD-67FC-41CE-B573-6E1291E88EC6}.Release|x64.Build.0 = Release|Any CPU
		{3B9EDFFD-67FC-41CE-B573-6E1291E88EC6}.Release|x86.ActiveCfg = Release|Any CPU
		{3B9EDFFD-67FC-41CE-B573-6E1291E88EC6}.Release|x86.Build.0 = Release|Any CPU
		{3B9EDFFD-67FC-41CE-B573-6E1291E88EC6}.Rsharp_app_release|Any CPU.ActiveCfg = Release|Any CPU
		{3B9EDFFD-67FC-41CE-B573-6E1291E88EC6}.Rsharp_app_release|Any CPU.Build.0 = Release|Any CPU
		{3B9EDFFD-67FC-41CE-B573-6E1291E88EC6}.Rsharp_app_release|x64.ActiveCfg = Release|x64
		{3B9EDFFD-67FC-41CE-B573-6E1291E88EC6}.Rsharp_app_release|x64.Build.0 = Release|x64
		{3B9EDFFD-67FC-41CE-B573-6E1291E88EC6}.Rsharp_app_release|x86.ActiveCfg = Release|x86
		{3B9EDFFD-67FC-41CE-B573-6E1291E88EC6}.Rsharp_app_release|x86.Build.0 = Release|x86
		{9A2D3879-9D69-41C2-98FB-F4A55269AF7E}.Debug|Any CPU.ActiveCfg = Debug|Any CPU
		{9A2D3879-9D69-41C2-98FB-F4A55269AF7E}.Debug|Any CPU.Build.0 = Debug|Any CPU
		{9A2D3879-9D69-41C2-98FB-F4A55269AF7E}.Debug|x64.ActiveCfg = Debug|x64
		{9A2D3879-9D69-41C2-98FB-F4A55269AF7E}.Debug|x64.Build.0 = Debug|x64
		{9A2D3879-9D69-41C2-98FB-F4A55269AF7E}.Debug|x86.ActiveCfg = Debug|Any CPU
		{9A2D3879-9D69-41C2-98FB-F4A55269AF7E}.Debug|x86.Build.0 = Debug|Any CPU
		{9A2D3879-9D69-41C2-98FB-F4A55269AF7E}.Docker|Any CPU.ActiveCfg = Debug|Any CPU
		{9A2D3879-9D69-41C2-98FB-F4A55269AF7E}.Docker|Any CPU.Build.0 = Debug|Any CPU
		{9A2D3879-9D69-41C2-98FB-F4A55269AF7E}.Docker|x64.ActiveCfg = Debug|x64
		{9A2D3879-9D69-41C2-98FB-F4A55269AF7E}.Docker|x64.Build.0 = Debug|x64
		{9A2D3879-9D69-41C2-98FB-F4A55269AF7E}.Docker|x86.ActiveCfg = Debug|Any CPU
		{9A2D3879-9D69-41C2-98FB-F4A55269AF7E}.Docker|x86.Build.0 = Debug|Any CPU
		{9A2D3879-9D69-41C2-98FB-F4A55269AF7E}.gcmodeller_desktop|Any CPU.ActiveCfg = Release|Any CPU
		{9A2D3879-9D69-41C2-98FB-F4A55269AF7E}.gcmodeller_desktop|Any CPU.Build.0 = Release|Any CPU
		{9A2D3879-9D69-41C2-98FB-F4A55269AF7E}.gcmodeller_desktop|x64.ActiveCfg = Release|x64
		{9A2D3879-9D69-41C2-98FB-F4A55269AF7E}.gcmodeller_desktop|x64.Build.0 = Release|x64
		{9A2D3879-9D69-41C2-98FB-F4A55269AF7E}.gcmodeller_desktop|x86.ActiveCfg = Release|Any CPU
		{9A2D3879-9D69-41C2-98FB-F4A55269AF7E}.gcmodeller_desktop|x86.Build.0 = Release|Any CPU
		{9A2D3879-9D69-41C2-98FB-F4A55269AF7E}.LipidSearch|Any CPU.ActiveCfg = Release|Any CPU
		{9A2D3879-9D69-41C2-98FB-F4A55269AF7E}.LipidSearch|Any CPU.Build.0 = Release|Any CPU
		{9A2D3879-9D69-41C2-98FB-F4A55269AF7E}.LipidSearch|x64.ActiveCfg = Release|x64
		{9A2D3879-9D69-41C2-98FB-F4A55269AF7E}.LipidSearch|x64.Build.0 = Release|x64
		{9A2D3879-9D69-41C2-98FB-F4A55269AF7E}.LipidSearch|x86.ActiveCfg = Release|Any CPU
		{9A2D3879-9D69-41C2-98FB-F4A55269AF7E}.LipidSearch|x86.Build.0 = Release|Any CPU
		{9A2D3879-9D69-41C2-98FB-F4A55269AF7E}.mzkit_win32|Any CPU.ActiveCfg = Release|Any CPU
		{9A2D3879-9D69-41C2-98FB-F4A55269AF7E}.mzkit_win32|Any CPU.Build.0 = Release|Any CPU
		{9A2D3879-9D69-41C2-98FB-F4A55269AF7E}.mzkit_win32|x64.ActiveCfg = Release|x64
		{9A2D3879-9D69-41C2-98FB-F4A55269AF7E}.mzkit_win32|x64.Build.0 = Release|x64
		{9A2D3879-9D69-41C2-98FB-F4A55269AF7E}.mzkit_win32|x86.ActiveCfg = Release|Any CPU
		{9A2D3879-9D69-41C2-98FB-F4A55269AF7E}.mzkit_win32|x86.Build.0 = Release|Any CPU
		{9A2D3879-9D69-41C2-98FB-F4A55269AF7E}.mzkit|Any CPU.ActiveCfg = Release|Any CPU
		{9A2D3879-9D69-41C2-98FB-F4A55269AF7E}.mzkit|Any CPU.Build.0 = Release|Any CPU
		{9A2D3879-9D69-41C2-98FB-F4A55269AF7E}.mzkit|x64.ActiveCfg = Release|x64
		{9A2D3879-9D69-41C2-98FB-F4A55269AF7E}.mzkit|x64.Build.0 = Release|x64
		{9A2D3879-9D69-41C2-98FB-F4A55269AF7E}.mzkit|x86.ActiveCfg = Release|Any CPU
		{9A2D3879-9D69-41C2-98FB-F4A55269AF7E}.mzkit|x86.Build.0 = Release|Any CPU
		{9A2D3879-9D69-41C2-98FB-F4A55269AF7E}.NPSearch|Any CPU.ActiveCfg = Release|Any CPU
		{9A2D3879-9D69-41C2-98FB-F4A55269AF7E}.NPSearch|Any CPU.Build.0 = Release|Any CPU
		{9A2D3879-9D69-41C2-98FB-F4A55269AF7E}.NPSearch|x64.ActiveCfg = Release|x64
		{9A2D3879-9D69-41C2-98FB-F4A55269AF7E}.NPSearch|x64.Build.0 = Release|x64
		{9A2D3879-9D69-41C2-98FB-F4A55269AF7E}.NPSearch|x86.ActiveCfg = Release|Any CPU
		{9A2D3879-9D69-41C2-98FB-F4A55269AF7E}.NPSearch|x86.Build.0 = Release|Any CPU
		{9A2D3879-9D69-41C2-98FB-F4A55269AF7E}.PlantMAT|Any CPU.ActiveCfg = Release|Any CPU
		{9A2D3879-9D69-41C2-98FB-F4A55269AF7E}.PlantMAT|Any CPU.Build.0 = Release|Any CPU
		{9A2D3879-9D69-41C2-98FB-F4A55269AF7E}.PlantMAT|x64.ActiveCfg = Release|x64
		{9A2D3879-9D69-41C2-98FB-F4A55269AF7E}.PlantMAT|x64.Build.0 = Release|x64
		{9A2D3879-9D69-41C2-98FB-F4A55269AF7E}.PlantMAT|x86.ActiveCfg = Release|Any CPU
		{9A2D3879-9D69-41C2-98FB-F4A55269AF7E}.PlantMAT|x86.Build.0 = Release|Any CPU
		{9A2D3879-9D69-41C2-98FB-F4A55269AF7E}.Release|Any CPU.ActiveCfg = Release|Any CPU
		{9A2D3879-9D69-41C2-98FB-F4A55269AF7E}.Release|Any CPU.Build.0 = Release|Any CPU
		{9A2D3879-9D69-41C2-98FB-F4A55269AF7E}.Release|x64.ActiveCfg = Release|Any CPU
		{9A2D3879-9D69-41C2-98FB-F4A55269AF7E}.Release|x64.Build.0 = Release|Any CPU
		{9A2D3879-9D69-41C2-98FB-F4A55269AF7E}.Release|x86.ActiveCfg = Release|Any CPU
		{9A2D3879-9D69-41C2-98FB-F4A55269AF7E}.Release|x86.Build.0 = Release|Any CPU
		{9A2D3879-9D69-41C2-98FB-F4A55269AF7E}.Rsharp_app_release|Any CPU.ActiveCfg = Release|Any CPU
		{9A2D3879-9D69-41C2-98FB-F4A55269AF7E}.Rsharp_app_release|Any CPU.Build.0 = Release|Any CPU
		{9A2D3879-9D69-41C2-98FB-F4A55269AF7E}.Rsharp_app_release|x64.ActiveCfg = Release|x64
		{9A2D3879-9D69-41C2-98FB-F4A55269AF7E}.Rsharp_app_release|x64.Build.0 = Release|x64
		{9A2D3879-9D69-41C2-98FB-F4A55269AF7E}.Rsharp_app_release|x86.ActiveCfg = Release|Any CPU
		{9A2D3879-9D69-41C2-98FB-F4A55269AF7E}.Rsharp_app_release|x86.Build.0 = Release|Any CPU
		{DFB8C69C-ECE5-4A1D-B3B1-606BF4FF5BB1}.Debug|Any CPU.ActiveCfg = Debug|Any CPU
		{DFB8C69C-ECE5-4A1D-B3B1-606BF4FF5BB1}.Debug|Any CPU.Build.0 = Debug|Any CPU
		{DFB8C69C-ECE5-4A1D-B3B1-606BF4FF5BB1}.Debug|x64.ActiveCfg = Debug|x64
		{DFB8C69C-ECE5-4A1D-B3B1-606BF4FF5BB1}.Debug|x64.Build.0 = Debug|x64
		{DFB8C69C-ECE5-4A1D-B3B1-606BF4FF5BB1}.Debug|x86.ActiveCfg = Debug|Any CPU
		{DFB8C69C-ECE5-4A1D-B3B1-606BF4FF5BB1}.Debug|x86.Build.0 = Debug|Any CPU
		{DFB8C69C-ECE5-4A1D-B3B1-606BF4FF5BB1}.Docker|Any CPU.ActiveCfg = Debug|Any CPU
		{DFB8C69C-ECE5-4A1D-B3B1-606BF4FF5BB1}.Docker|Any CPU.Build.0 = Debug|Any CPU
		{DFB8C69C-ECE5-4A1D-B3B1-606BF4FF5BB1}.Docker|x64.ActiveCfg = Debug|Any CPU
		{DFB8C69C-ECE5-4A1D-B3B1-606BF4FF5BB1}.Docker|x64.Build.0 = Debug|Any CPU
		{DFB8C69C-ECE5-4A1D-B3B1-606BF4FF5BB1}.Docker|x86.ActiveCfg = Debug|Any CPU
		{DFB8C69C-ECE5-4A1D-B3B1-606BF4FF5BB1}.Docker|x86.Build.0 = Debug|Any CPU
		{DFB8C69C-ECE5-4A1D-B3B1-606BF4FF5BB1}.gcmodeller_desktop|Any CPU.ActiveCfg = Debug|Any CPU
		{DFB8C69C-ECE5-4A1D-B3B1-606BF4FF5BB1}.gcmodeller_desktop|Any CPU.Build.0 = Debug|Any CPU
		{DFB8C69C-ECE5-4A1D-B3B1-606BF4FF5BB1}.gcmodeller_desktop|x64.ActiveCfg = Debug|Any CPU
		{DFB8C69C-ECE5-4A1D-B3B1-606BF4FF5BB1}.gcmodeller_desktop|x64.Build.0 = Debug|Any CPU
		{DFB8C69C-ECE5-4A1D-B3B1-606BF4FF5BB1}.gcmodeller_desktop|x86.ActiveCfg = Debug|Any CPU
		{DFB8C69C-ECE5-4A1D-B3B1-606BF4FF5BB1}.gcmodeller_desktop|x86.Build.0 = Debug|Any CPU
		{DFB8C69C-ECE5-4A1D-B3B1-606BF4FF5BB1}.LipidSearch|Any CPU.ActiveCfg = Debug|Any CPU
		{DFB8C69C-ECE5-4A1D-B3B1-606BF4FF5BB1}.LipidSearch|Any CPU.Build.0 = Debug|Any CPU
		{DFB8C69C-ECE5-4A1D-B3B1-606BF4FF5BB1}.LipidSearch|x64.ActiveCfg = Debug|Any CPU
		{DFB8C69C-ECE5-4A1D-B3B1-606BF4FF5BB1}.LipidSearch|x64.Build.0 = Debug|Any CPU
		{DFB8C69C-ECE5-4A1D-B3B1-606BF4FF5BB1}.LipidSearch|x86.ActiveCfg = Debug|Any CPU
		{DFB8C69C-ECE5-4A1D-B3B1-606BF4FF5BB1}.LipidSearch|x86.Build.0 = Debug|Any CPU
		{DFB8C69C-ECE5-4A1D-B3B1-606BF4FF5BB1}.mzkit_win32|Any CPU.ActiveCfg = Debug|Any CPU
		{DFB8C69C-ECE5-4A1D-B3B1-606BF4FF5BB1}.mzkit_win32|Any CPU.Build.0 = Debug|Any CPU
		{DFB8C69C-ECE5-4A1D-B3B1-606BF4FF5BB1}.mzkit_win32|x64.ActiveCfg = Debug|Any CPU
		{DFB8C69C-ECE5-4A1D-B3B1-606BF4FF5BB1}.mzkit_win32|x64.Build.0 = Debug|Any CPU
		{DFB8C69C-ECE5-4A1D-B3B1-606BF4FF5BB1}.mzkit_win32|x86.ActiveCfg = Debug|Any CPU
		{DFB8C69C-ECE5-4A1D-B3B1-606BF4FF5BB1}.mzkit_win32|x86.Build.0 = Debug|Any CPU
		{DFB8C69C-ECE5-4A1D-B3B1-606BF4FF5BB1}.mzkit|Any CPU.ActiveCfg = Debug|Any CPU
		{DFB8C69C-ECE5-4A1D-B3B1-606BF4FF5BB1}.mzkit|Any CPU.Build.0 = Debug|Any CPU
		{DFB8C69C-ECE5-4A1D-B3B1-606BF4FF5BB1}.mzkit|x64.ActiveCfg = Debug|Any CPU
		{DFB8C69C-ECE5-4A1D-B3B1-606BF4FF5BB1}.mzkit|x64.Build.0 = Debug|Any CPU
		{DFB8C69C-ECE5-4A1D-B3B1-606BF4FF5BB1}.mzkit|x86.ActiveCfg = Debug|Any CPU
		{DFB8C69C-ECE5-4A1D-B3B1-606BF4FF5BB1}.mzkit|x86.Build.0 = Debug|Any CPU
		{DFB8C69C-ECE5-4A1D-B3B1-606BF4FF5BB1}.NPSearch|Any CPU.ActiveCfg = Debug|Any CPU
		{DFB8C69C-ECE5-4A1D-B3B1-606BF4FF5BB1}.NPSearch|Any CPU.Build.0 = Debug|Any CPU
		{DFB8C69C-ECE5-4A1D-B3B1-606BF4FF5BB1}.NPSearch|x64.ActiveCfg = Debug|Any CPU
		{DFB8C69C-ECE5-4A1D-B3B1-606BF4FF5BB1}.NPSearch|x64.Build.0 = Debug|Any CPU
		{DFB8C69C-ECE5-4A1D-B3B1-606BF4FF5BB1}.NPSearch|x86.ActiveCfg = Debug|Any CPU
		{DFB8C69C-ECE5-4A1D-B3B1-606BF4FF5BB1}.NPSearch|x86.Build.0 = Debug|Any CPU
		{DFB8C69C-ECE5-4A1D-B3B1-606BF4FF5BB1}.PlantMAT|Any CPU.ActiveCfg = Debug|Any CPU
		{DFB8C69C-ECE5-4A1D-B3B1-606BF4FF5BB1}.PlantMAT|Any CPU.Build.0 = Debug|Any CPU
		{DFB8C69C-ECE5-4A1D-B3B1-606BF4FF5BB1}.PlantMAT|x64.ActiveCfg = Debug|Any CPU
		{DFB8C69C-ECE5-4A1D-B3B1-606BF4FF5BB1}.PlantMAT|x64.Build.0 = Debug|Any CPU
		{DFB8C69C-ECE5-4A1D-B3B1-606BF4FF5BB1}.PlantMAT|x86.ActiveCfg = Debug|Any CPU
		{DFB8C69C-ECE5-4A1D-B3B1-606BF4FF5BB1}.PlantMAT|x86.Build.0 = Debug|Any CPU
		{DFB8C69C-ECE5-4A1D-B3B1-606BF4FF5BB1}.Release|Any CPU.ActiveCfg = Release|Any CPU
		{DFB8C69C-ECE5-4A1D-B3B1-606BF4FF5BB1}.Release|Any CPU.Build.0 = Release|Any CPU
		{DFB8C69C-ECE5-4A1D-B3B1-606BF4FF5BB1}.Release|x64.ActiveCfg = Release|Any CPU
		{DFB8C69C-ECE5-4A1D-B3B1-606BF4FF5BB1}.Release|x64.Build.0 = Release|Any CPU
		{DFB8C69C-ECE5-4A1D-B3B1-606BF4FF5BB1}.Release|x86.ActiveCfg = Release|Any CPU
		{DFB8C69C-ECE5-4A1D-B3B1-606BF4FF5BB1}.Release|x86.Build.0 = Release|Any CPU
		{DFB8C69C-ECE5-4A1D-B3B1-606BF4FF5BB1}.Rsharp_app_release|Any CPU.ActiveCfg = Release|Any CPU
		{DFB8C69C-ECE5-4A1D-B3B1-606BF4FF5BB1}.Rsharp_app_release|Any CPU.Build.0 = Release|Any CPU
		{DFB8C69C-ECE5-4A1D-B3B1-606BF4FF5BB1}.Rsharp_app_release|x64.ActiveCfg = Release|Any CPU
		{DFB8C69C-ECE5-4A1D-B3B1-606BF4FF5BB1}.Rsharp_app_release|x64.Build.0 = Release|Any CPU
		{DFB8C69C-ECE5-4A1D-B3B1-606BF4FF5BB1}.Rsharp_app_release|x86.ActiveCfg = Release|Any CPU
		{DFB8C69C-ECE5-4A1D-B3B1-606BF4FF5BB1}.Rsharp_app_release|x86.Build.0 = Release|Any CPU
		{FFF8F266-3475-4A74-83D7-3E9BE2F09945}.Debug|Any CPU.ActiveCfg = Debug|Any CPU
		{FFF8F266-3475-4A74-83D7-3E9BE2F09945}.Debug|Any CPU.Build.0 = Debug|Any CPU
		{FFF8F266-3475-4A74-83D7-3E9BE2F09945}.Debug|x64.ActiveCfg = Debug|x64
		{FFF8F266-3475-4A74-83D7-3E9BE2F09945}.Debug|x64.Build.0 = Debug|x64
		{FFF8F266-3475-4A74-83D7-3E9BE2F09945}.Debug|x86.ActiveCfg = Debug|x86
		{FFF8F266-3475-4A74-83D7-3E9BE2F09945}.Debug|x86.Build.0 = Debug|x86
		{FFF8F266-3475-4A74-83D7-3E9BE2F09945}.Docker|Any CPU.ActiveCfg = Docker|Any CPU
		{FFF8F266-3475-4A74-83D7-3E9BE2F09945}.Docker|Any CPU.Build.0 = Docker|Any CPU
		{FFF8F266-3475-4A74-83D7-3E9BE2F09945}.Docker|x64.ActiveCfg = Docker|x64
		{FFF8F266-3475-4A74-83D7-3E9BE2F09945}.Docker|x64.Build.0 = Docker|x64
		{FFF8F266-3475-4A74-83D7-3E9BE2F09945}.Docker|x86.ActiveCfg = Docker|x86
		{FFF8F266-3475-4A74-83D7-3E9BE2F09945}.Docker|x86.Build.0 = Docker|x86
		{FFF8F266-3475-4A74-83D7-3E9BE2F09945}.gcmodeller_desktop|Any CPU.ActiveCfg = gcmodeller_desktop|Any CPU
		{FFF8F266-3475-4A74-83D7-3E9BE2F09945}.gcmodeller_desktop|Any CPU.Build.0 = gcmodeller_desktop|Any CPU
		{FFF8F266-3475-4A74-83D7-3E9BE2F09945}.gcmodeller_desktop|x64.ActiveCfg = gcmodeller_desktop|x64
		{FFF8F266-3475-4A74-83D7-3E9BE2F09945}.gcmodeller_desktop|x64.Build.0 = gcmodeller_desktop|x64
		{FFF8F266-3475-4A74-83D7-3E9BE2F09945}.gcmodeller_desktop|x86.ActiveCfg = gcmodeller_desktop|x86
		{FFF8F266-3475-4A74-83D7-3E9BE2F09945}.gcmodeller_desktop|x86.Build.0 = gcmodeller_desktop|x86
		{FFF8F266-3475-4A74-83D7-3E9BE2F09945}.LipidSearch|Any CPU.ActiveCfg = LipidSearch|Any CPU
		{FFF8F266-3475-4A74-83D7-3E9BE2F09945}.LipidSearch|Any CPU.Build.0 = LipidSearch|Any CPU
		{FFF8F266-3475-4A74-83D7-3E9BE2F09945}.LipidSearch|x64.ActiveCfg = LipidSearch|x64
		{FFF8F266-3475-4A74-83D7-3E9BE2F09945}.LipidSearch|x64.Build.0 = LipidSearch|x64
		{FFF8F266-3475-4A74-83D7-3E9BE2F09945}.LipidSearch|x86.ActiveCfg = LipidSearch|x86
		{FFF8F266-3475-4A74-83D7-3E9BE2F09945}.LipidSearch|x86.Build.0 = LipidSearch|x86
		{FFF8F266-3475-4A74-83D7-3E9BE2F09945}.mzkit_win32|Any CPU.ActiveCfg = mzkit_win32|Any CPU
		{FFF8F266-3475-4A74-83D7-3E9BE2F09945}.mzkit_win32|Any CPU.Build.0 = mzkit_win32|Any CPU
		{FFF8F266-3475-4A74-83D7-3E9BE2F09945}.mzkit_win32|x64.ActiveCfg = mzkit_win32|x64
		{FFF8F266-3475-4A74-83D7-3E9BE2F09945}.mzkit_win32|x64.Build.0 = mzkit_win32|x64
		{FFF8F266-3475-4A74-83D7-3E9BE2F09945}.mzkit_win32|x86.ActiveCfg = mzkit_win32|x86
		{FFF8F266-3475-4A74-83D7-3E9BE2F09945}.mzkit_win32|x86.Build.0 = mzkit_win32|x86
		{FFF8F266-3475-4A74-83D7-3E9BE2F09945}.mzkit|Any CPU.ActiveCfg = mzkit|Any CPU
		{FFF8F266-3475-4A74-83D7-3E9BE2F09945}.mzkit|Any CPU.Build.0 = mzkit|Any CPU
		{FFF8F266-3475-4A74-83D7-3E9BE2F09945}.mzkit|x64.ActiveCfg = mzkit|x64
		{FFF8F266-3475-4A74-83D7-3E9BE2F09945}.mzkit|x64.Build.0 = mzkit|x64
		{FFF8F266-3475-4A74-83D7-3E9BE2F09945}.mzkit|x86.ActiveCfg = mzkit|x86
		{FFF8F266-3475-4A74-83D7-3E9BE2F09945}.mzkit|x86.Build.0 = mzkit|x86
		{FFF8F266-3475-4A74-83D7-3E9BE2F09945}.NPSearch|Any CPU.ActiveCfg = NPSearch|Any CPU
		{FFF8F266-3475-4A74-83D7-3E9BE2F09945}.NPSearch|Any CPU.Build.0 = NPSearch|Any CPU
		{FFF8F266-3475-4A74-83D7-3E9BE2F09945}.NPSearch|x64.ActiveCfg = NPSearch|x64
		{FFF8F266-3475-4A74-83D7-3E9BE2F09945}.NPSearch|x64.Build.0 = NPSearch|x64
		{FFF8F266-3475-4A74-83D7-3E9BE2F09945}.NPSearch|x86.ActiveCfg = NPSearch|x86
		{FFF8F266-3475-4A74-83D7-3E9BE2F09945}.NPSearch|x86.Build.0 = NPSearch|x86
		{FFF8F266-3475-4A74-83D7-3E9BE2F09945}.PlantMAT|Any CPU.ActiveCfg = PlantMAT|Any CPU
		{FFF8F266-3475-4A74-83D7-3E9BE2F09945}.PlantMAT|Any CPU.Build.0 = PlantMAT|Any CPU
		{FFF8F266-3475-4A74-83D7-3E9BE2F09945}.PlantMAT|x64.ActiveCfg = PlantMAT|x64
		{FFF8F266-3475-4A74-83D7-3E9BE2F09945}.PlantMAT|x64.Build.0 = PlantMAT|x64
		{FFF8F266-3475-4A74-83D7-3E9BE2F09945}.PlantMAT|x86.ActiveCfg = PlantMAT|x86
		{FFF8F266-3475-4A74-83D7-3E9BE2F09945}.PlantMAT|x86.Build.0 = PlantMAT|x86
		{FFF8F266-3475-4A74-83D7-3E9BE2F09945}.Release|Any CPU.ActiveCfg = Release|Any CPU
		{FFF8F266-3475-4A74-83D7-3E9BE2F09945}.Release|Any CPU.Build.0 = Release|Any CPU
		{FFF8F266-3475-4A74-83D7-3E9BE2F09945}.Release|x64.ActiveCfg = Release|x64
		{FFF8F266-3475-4A74-83D7-3E9BE2F09945}.Release|x64.Build.0 = Release|x64
		{FFF8F266-3475-4A74-83D7-3E9BE2F09945}.Release|x86.ActiveCfg = Release|x86
		{FFF8F266-3475-4A74-83D7-3E9BE2F09945}.Release|x86.Build.0 = Release|x86
		{FFF8F266-3475-4A74-83D7-3E9BE2F09945}.Rsharp_app_release|Any CPU.ActiveCfg = Rsharp_app_release|Any CPU
		{FFF8F266-3475-4A74-83D7-3E9BE2F09945}.Rsharp_app_release|Any CPU.Build.0 = Rsharp_app_release|Any CPU
		{FFF8F266-3475-4A74-83D7-3E9BE2F09945}.Rsharp_app_release|x64.ActiveCfg = Rsharp_app_release|x64
		{FFF8F266-3475-4A74-83D7-3E9BE2F09945}.Rsharp_app_release|x64.Build.0 = Rsharp_app_release|x64
		{FFF8F266-3475-4A74-83D7-3E9BE2F09945}.Rsharp_app_release|x86.ActiveCfg = Rsharp_app_release|x86
		{FFF8F266-3475-4A74-83D7-3E9BE2F09945}.Rsharp_app_release|x86.Build.0 = Rsharp_app_release|x86
		{4787540B-8C65-4C90-A364-D75E76B95D36}.Debug|Any CPU.ActiveCfg = Debug|Any CPU
		{4787540B-8C65-4C90-A364-D75E76B95D36}.Debug|Any CPU.Build.0 = Debug|Any CPU
		{4787540B-8C65-4C90-A364-D75E76B95D36}.Debug|x64.ActiveCfg = Debug|x64
		{4787540B-8C65-4C90-A364-D75E76B95D36}.Debug|x64.Build.0 = Debug|x64
		{4787540B-8C65-4C90-A364-D75E76B95D36}.Debug|x86.ActiveCfg = Debug|Any CPU
		{4787540B-8C65-4C90-A364-D75E76B95D36}.Debug|x86.Build.0 = Debug|Any CPU
		{4787540B-8C65-4C90-A364-D75E76B95D36}.Docker|Any CPU.ActiveCfg = Debug|Any CPU
		{4787540B-8C65-4C90-A364-D75E76B95D36}.Docker|Any CPU.Build.0 = Debug|Any CPU
		{4787540B-8C65-4C90-A364-D75E76B95D36}.Docker|x64.ActiveCfg = Debug|x64
		{4787540B-8C65-4C90-A364-D75E76B95D36}.Docker|x64.Build.0 = Debug|x64
		{4787540B-8C65-4C90-A364-D75E76B95D36}.Docker|x86.ActiveCfg = Debug|Any CPU
		{4787540B-8C65-4C90-A364-D75E76B95D36}.Docker|x86.Build.0 = Debug|Any CPU
		{4787540B-8C65-4C90-A364-D75E76B95D36}.gcmodeller_desktop|Any CPU.ActiveCfg = gcmodeller_desktop|Any CPU
		{4787540B-8C65-4C90-A364-D75E76B95D36}.gcmodeller_desktop|Any CPU.Build.0 = gcmodeller_desktop|Any CPU
		{4787540B-8C65-4C90-A364-D75E76B95D36}.gcmodeller_desktop|x64.ActiveCfg = gcmodeller_desktop|x64
		{4787540B-8C65-4C90-A364-D75E76B95D36}.gcmodeller_desktop|x64.Build.0 = gcmodeller_desktop|x64
		{4787540B-8C65-4C90-A364-D75E76B95D36}.gcmodeller_desktop|x86.ActiveCfg = gcmodeller_desktop|Any CPU
		{4787540B-8C65-4C90-A364-D75E76B95D36}.gcmodeller_desktop|x86.Build.0 = gcmodeller_desktop|Any CPU
		{4787540B-8C65-4C90-A364-D75E76B95D36}.LipidSearch|Any CPU.ActiveCfg = LipidSearch|Any CPU
		{4787540B-8C65-4C90-A364-D75E76B95D36}.LipidSearch|Any CPU.Build.0 = LipidSearch|Any CPU
		{4787540B-8C65-4C90-A364-D75E76B95D36}.LipidSearch|x64.ActiveCfg = LipidSearch|x64
		{4787540B-8C65-4C90-A364-D75E76B95D36}.LipidSearch|x64.Build.0 = LipidSearch|x64
		{4787540B-8C65-4C90-A364-D75E76B95D36}.LipidSearch|x86.ActiveCfg = LipidSearch|Any CPU
		{4787540B-8C65-4C90-A364-D75E76B95D36}.LipidSearch|x86.Build.0 = LipidSearch|Any CPU
		{4787540B-8C65-4C90-A364-D75E76B95D36}.mzkit_win32|Any CPU.ActiveCfg = mzkit_win32|Any CPU
		{4787540B-8C65-4C90-A364-D75E76B95D36}.mzkit_win32|Any CPU.Build.0 = mzkit_win32|Any CPU
		{4787540B-8C65-4C90-A364-D75E76B95D36}.mzkit_win32|x64.ActiveCfg = mzkit_win32|x64
		{4787540B-8C65-4C90-A364-D75E76B95D36}.mzkit_win32|x64.Build.0 = mzkit_win32|x64
		{4787540B-8C65-4C90-A364-D75E76B95D36}.mzkit_win32|x86.ActiveCfg = mzkit_win32|Any CPU
		{4787540B-8C65-4C90-A364-D75E76B95D36}.mzkit_win32|x86.Build.0 = mzkit_win32|Any CPU
		{4787540B-8C65-4C90-A364-D75E76B95D36}.mzkit|Any CPU.ActiveCfg = mzkit|Any CPU
		{4787540B-8C65-4C90-A364-D75E76B95D36}.mzkit|Any CPU.Build.0 = mzkit|Any CPU
		{4787540B-8C65-4C90-A364-D75E76B95D36}.mzkit|x64.ActiveCfg = mzkit|x64
		{4787540B-8C65-4C90-A364-D75E76B95D36}.mzkit|x64.Build.0 = mzkit|x64
		{4787540B-8C65-4C90-A364-D75E76B95D36}.mzkit|x86.ActiveCfg = mzkit|Any CPU
		{4787540B-8C65-4C90-A364-D75E76B95D36}.mzkit|x86.Build.0 = mzkit|Any CPU
		{4787540B-8C65-4C90-A364-D75E76B95D36}.NPSearch|Any CPU.ActiveCfg = NPSearch|Any CPU
		{4787540B-8C65-4C90-A364-D75E76B95D36}.NPSearch|Any CPU.Build.0 = NPSearch|Any CPU
		{4787540B-8C65-4C90-A364-D75E76B95D36}.NPSearch|x64.ActiveCfg = NPSearch|x64
		{4787540B-8C65-4C90-A364-D75E76B95D36}.NPSearch|x64.Build.0 = NPSearch|x64
		{4787540B-8C65-4C90-A364-D75E76B95D36}.NPSearch|x86.ActiveCfg = NPSearch|Any CPU
		{4787540B-8C65-4C90-A364-D75E76B95D36}.NPSearch|x86.Build.0 = NPSearch|Any CPU
		{4787540B-8C65-4C90-A364-D75E76B95D36}.PlantMAT|Any CPU.ActiveCfg = PlantMAT|Any CPU
		{4787540B-8C65-4C90-A364-D75E76B95D36}.PlantMAT|Any CPU.Build.0 = PlantMAT|Any CPU
		{4787540B-8C65-4C90-A364-D75E76B95D36}.PlantMAT|x64.ActiveCfg = PlantMAT|x64
		{4787540B-8C65-4C90-A364-D75E76B95D36}.PlantMAT|x64.Build.0 = PlantMAT|x64
		{4787540B-8C65-4C90-A364-D75E76B95D36}.PlantMAT|x86.ActiveCfg = PlantMAT|Any CPU
		{4787540B-8C65-4C90-A364-D75E76B95D36}.PlantMAT|x86.Build.0 = PlantMAT|Any CPU
		{4787540B-8C65-4C90-A364-D75E76B95D36}.Release|Any CPU.ActiveCfg = Release|Any CPU
		{4787540B-8C65-4C90-A364-D75E76B95D36}.Release|Any CPU.Build.0 = Release|Any CPU
		{4787540B-8C65-4C90-A364-D75E76B95D36}.Release|x64.ActiveCfg = Release|x64
		{4787540B-8C65-4C90-A364-D75E76B95D36}.Release|x64.Build.0 = Release|x64
		{4787540B-8C65-4C90-A364-D75E76B95D36}.Release|x86.ActiveCfg = Release|Any CPU
		{4787540B-8C65-4C90-A364-D75E76B95D36}.Release|x86.Build.0 = Release|Any CPU
		{4787540B-8C65-4C90-A364-D75E76B95D36}.Rsharp_app_release|Any CPU.ActiveCfg = Rsharp_app_release|Any CPU
		{4787540B-8C65-4C90-A364-D75E76B95D36}.Rsharp_app_release|Any CPU.Build.0 = Rsharp_app_release|Any CPU
		{4787540B-8C65-4C90-A364-D75E76B95D36}.Rsharp_app_release|x64.ActiveCfg = Rsharp_app_release|x64
		{4787540B-8C65-4C90-A364-D75E76B95D36}.Rsharp_app_release|x64.Build.0 = Rsharp_app_release|x64
		{4787540B-8C65-4C90-A364-D75E76B95D36}.Rsharp_app_release|x86.ActiveCfg = Rsharp_app_release|Any CPU
		{4787540B-8C65-4C90-A364-D75E76B95D36}.Rsharp_app_release|x86.Build.0 = Rsharp_app_release|Any CPU
		{EA0EF421-BDFF-4365-8392-65F5B08EAAA2}.Debug|Any CPU.ActiveCfg = Debug|Any CPU
		{EA0EF421-BDFF-4365-8392-65F5B08EAAA2}.Debug|Any CPU.Build.0 = Debug|Any CPU
		{EA0EF421-BDFF-4365-8392-65F5B08EAAA2}.Debug|x64.ActiveCfg = Debug|x64
		{EA0EF421-BDFF-4365-8392-65F5B08EAAA2}.Debug|x64.Build.0 = Debug|x64
		{EA0EF421-BDFF-4365-8392-65F5B08EAAA2}.Debug|x86.ActiveCfg = Debug|Any CPU
		{EA0EF421-BDFF-4365-8392-65F5B08EAAA2}.Debug|x86.Build.0 = Debug|Any CPU
		{EA0EF421-BDFF-4365-8392-65F5B08EAAA2}.Docker|Any CPU.ActiveCfg = Debug|Any CPU
		{EA0EF421-BDFF-4365-8392-65F5B08EAAA2}.Docker|Any CPU.Build.0 = Debug|Any CPU
		{EA0EF421-BDFF-4365-8392-65F5B08EAAA2}.Docker|x64.ActiveCfg = Debug|x64
		{EA0EF421-BDFF-4365-8392-65F5B08EAAA2}.Docker|x64.Build.0 = Debug|x64
		{EA0EF421-BDFF-4365-8392-65F5B08EAAA2}.Docker|x86.ActiveCfg = Debug|Any CPU
		{EA0EF421-BDFF-4365-8392-65F5B08EAAA2}.Docker|x86.Build.0 = Debug|Any CPU
		{EA0EF421-BDFF-4365-8392-65F5B08EAAA2}.gcmodeller_desktop|Any CPU.ActiveCfg = Debug|Any CPU
		{EA0EF421-BDFF-4365-8392-65F5B08EAAA2}.gcmodeller_desktop|Any CPU.Build.0 = Debug|Any CPU
		{EA0EF421-BDFF-4365-8392-65F5B08EAAA2}.gcmodeller_desktop|x64.ActiveCfg = Debug|x64
		{EA0EF421-BDFF-4365-8392-65F5B08EAAA2}.gcmodeller_desktop|x64.Build.0 = Debug|x64
		{EA0EF421-BDFF-4365-8392-65F5B08EAAA2}.gcmodeller_desktop|x86.ActiveCfg = Debug|Any CPU
		{EA0EF421-BDFF-4365-8392-65F5B08EAAA2}.gcmodeller_desktop|x86.Build.0 = Debug|Any CPU
		{EA0EF421-BDFF-4365-8392-65F5B08EAAA2}.LipidSearch|Any CPU.ActiveCfg = Debug|Any CPU
		{EA0EF421-BDFF-4365-8392-65F5B08EAAA2}.LipidSearch|Any CPU.Build.0 = Debug|Any CPU
		{EA0EF421-BDFF-4365-8392-65F5B08EAAA2}.LipidSearch|x64.ActiveCfg = Debug|x64
		{EA0EF421-BDFF-4365-8392-65F5B08EAAA2}.LipidSearch|x64.Build.0 = Debug|x64
		{EA0EF421-BDFF-4365-8392-65F5B08EAAA2}.LipidSearch|x86.ActiveCfg = Debug|Any CPU
		{EA0EF421-BDFF-4365-8392-65F5B08EAAA2}.LipidSearch|x86.Build.0 = Debug|Any CPU
		{EA0EF421-BDFF-4365-8392-65F5B08EAAA2}.mzkit_win32|Any CPU.ActiveCfg = mzkit_win32|Any CPU
		{EA0EF421-BDFF-4365-8392-65F5B08EAAA2}.mzkit_win32|Any CPU.Build.0 = mzkit_win32|Any CPU
		{EA0EF421-BDFF-4365-8392-65F5B08EAAA2}.mzkit_win32|x64.ActiveCfg = mzkit_win32|x64
		{EA0EF421-BDFF-4365-8392-65F5B08EAAA2}.mzkit_win32|x64.Build.0 = mzkit_win32|x64
		{EA0EF421-BDFF-4365-8392-65F5B08EAAA2}.mzkit_win32|x86.ActiveCfg = mzkit_win32|Any CPU
		{EA0EF421-BDFF-4365-8392-65F5B08EAAA2}.mzkit_win32|x86.Build.0 = mzkit_win32|Any CPU
		{EA0EF421-BDFF-4365-8392-65F5B08EAAA2}.mzkit|Any CPU.ActiveCfg = mzkit_win32|Any CPU
		{EA0EF421-BDFF-4365-8392-65F5B08EAAA2}.mzkit|Any CPU.Build.0 = mzkit_win32|Any CPU
		{EA0EF421-BDFF-4365-8392-65F5B08EAAA2}.mzkit|x64.ActiveCfg = mzkit_win32|x64
		{EA0EF421-BDFF-4365-8392-65F5B08EAAA2}.mzkit|x64.Build.0 = mzkit_win32|x64
		{EA0EF421-BDFF-4365-8392-65F5B08EAAA2}.mzkit|x86.ActiveCfg = mzkit_win32|Any CPU
		{EA0EF421-BDFF-4365-8392-65F5B08EAAA2}.mzkit|x86.Build.0 = mzkit_win32|Any CPU
		{EA0EF421-BDFF-4365-8392-65F5B08EAAA2}.NPSearch|Any CPU.ActiveCfg = Debug|Any CPU
		{EA0EF421-BDFF-4365-8392-65F5B08EAAA2}.NPSearch|Any CPU.Build.0 = Debug|Any CPU
		{EA0EF421-BDFF-4365-8392-65F5B08EAAA2}.NPSearch|x64.ActiveCfg = Debug|x64
		{EA0EF421-BDFF-4365-8392-65F5B08EAAA2}.NPSearch|x64.Build.0 = Debug|x64
		{EA0EF421-BDFF-4365-8392-65F5B08EAAA2}.NPSearch|x86.ActiveCfg = Debug|Any CPU
		{EA0EF421-BDFF-4365-8392-65F5B08EAAA2}.NPSearch|x86.Build.0 = Debug|Any CPU
		{EA0EF421-BDFF-4365-8392-65F5B08EAAA2}.PlantMAT|Any CPU.ActiveCfg = Debug|Any CPU
		{EA0EF421-BDFF-4365-8392-65F5B08EAAA2}.PlantMAT|Any CPU.Build.0 = Debug|Any CPU
		{EA0EF421-BDFF-4365-8392-65F5B08EAAA2}.PlantMAT|x64.ActiveCfg = Debug|x64
		{EA0EF421-BDFF-4365-8392-65F5B08EAAA2}.PlantMAT|x64.Build.0 = Debug|x64
		{EA0EF421-BDFF-4365-8392-65F5B08EAAA2}.PlantMAT|x86.ActiveCfg = Debug|Any CPU
		{EA0EF421-BDFF-4365-8392-65F5B08EAAA2}.PlantMAT|x86.Build.0 = Debug|Any CPU
		{EA0EF421-BDFF-4365-8392-65F5B08EAAA2}.Release|Any CPU.ActiveCfg = Release|Any CPU
		{EA0EF421-BDFF-4365-8392-65F5B08EAAA2}.Release|Any CPU.Build.0 = Release|Any CPU
		{EA0EF421-BDFF-4365-8392-65F5B08EAAA2}.Release|x64.ActiveCfg = Release|x64
		{EA0EF421-BDFF-4365-8392-65F5B08EAAA2}.Release|x64.Build.0 = Release|x64
		{EA0EF421-BDFF-4365-8392-65F5B08EAAA2}.Release|x86.ActiveCfg = Release|Any CPU
		{EA0EF421-BDFF-4365-8392-65F5B08EAAA2}.Release|x86.Build.0 = Release|Any CPU
		{EA0EF421-BDFF-4365-8392-65F5B08EAAA2}.Rsharp_app_release|Any CPU.ActiveCfg = Rsharp_app_release|Any CPU
		{EA0EF421-BDFF-4365-8392-65F5B08EAAA2}.Rsharp_app_release|Any CPU.Build.0 = Rsharp_app_release|Any CPU
		{EA0EF421-BDFF-4365-8392-65F5B08EAAA2}.Rsharp_app_release|x64.ActiveCfg = Rsharp_app_release|x64
		{EA0EF421-BDFF-4365-8392-65F5B08EAAA2}.Rsharp_app_release|x64.Build.0 = Rsharp_app_release|x64
		{EA0EF421-BDFF-4365-8392-65F5B08EAAA2}.Rsharp_app_release|x86.ActiveCfg = Rsharp_app_release|Any CPU
		{EA0EF421-BDFF-4365-8392-65F5B08EAAA2}.Rsharp_app_release|x86.Build.0 = Rsharp_app_release|Any CPU
		{2587F68B-ECCB-4224-AFED-60BDF91445F4}.Debug|Any CPU.ActiveCfg = Debug|Any CPU
		{2587F68B-ECCB-4224-AFED-60BDF91445F4}.Debug|Any CPU.Build.0 = Debug|Any CPU
		{2587F68B-ECCB-4224-AFED-60BDF91445F4}.Debug|x64.ActiveCfg = Debug|x64
		{2587F68B-ECCB-4224-AFED-60BDF91445F4}.Debug|x64.Build.0 = Debug|x64
		{2587F68B-ECCB-4224-AFED-60BDF91445F4}.Debug|x86.ActiveCfg = Debug|Any CPU
		{2587F68B-ECCB-4224-AFED-60BDF91445F4}.Debug|x86.Build.0 = Debug|Any CPU
		{2587F68B-ECCB-4224-AFED-60BDF91445F4}.Docker|Any CPU.ActiveCfg = Debug|Any CPU
		{2587F68B-ECCB-4224-AFED-60BDF91445F4}.Docker|Any CPU.Build.0 = Debug|Any CPU
		{2587F68B-ECCB-4224-AFED-60BDF91445F4}.Docker|x64.ActiveCfg = Debug|x64
		{2587F68B-ECCB-4224-AFED-60BDF91445F4}.Docker|x64.Build.0 = Debug|x64
		{2587F68B-ECCB-4224-AFED-60BDF91445F4}.Docker|x86.ActiveCfg = Debug|Any CPU
		{2587F68B-ECCB-4224-AFED-60BDF91445F4}.Docker|x86.Build.0 = Debug|Any CPU
		{2587F68B-ECCB-4224-AFED-60BDF91445F4}.gcmodeller_desktop|Any CPU.ActiveCfg = gcmodeller_desktop|Any CPU
		{2587F68B-ECCB-4224-AFED-60BDF91445F4}.gcmodeller_desktop|Any CPU.Build.0 = gcmodeller_desktop|Any CPU
		{2587F68B-ECCB-4224-AFED-60BDF91445F4}.gcmodeller_desktop|x64.ActiveCfg = gcmodeller_desktop|x64
		{2587F68B-ECCB-4224-AFED-60BDF91445F4}.gcmodeller_desktop|x64.Build.0 = gcmodeller_desktop|x64
		{2587F68B-ECCB-4224-AFED-60BDF91445F4}.gcmodeller_desktop|x86.ActiveCfg = gcmodeller_desktop|Any CPU
		{2587F68B-ECCB-4224-AFED-60BDF91445F4}.gcmodeller_desktop|x86.Build.0 = gcmodeller_desktop|Any CPU
		{2587F68B-ECCB-4224-AFED-60BDF91445F4}.LipidSearch|Any CPU.ActiveCfg = LipidSearch|Any CPU
		{2587F68B-ECCB-4224-AFED-60BDF91445F4}.LipidSearch|Any CPU.Build.0 = LipidSearch|Any CPU
		{2587F68B-ECCB-4224-AFED-60BDF91445F4}.LipidSearch|x64.ActiveCfg = LipidSearch|x64
		{2587F68B-ECCB-4224-AFED-60BDF91445F4}.LipidSearch|x64.Build.0 = LipidSearch|x64
		{2587F68B-ECCB-4224-AFED-60BDF91445F4}.LipidSearch|x86.ActiveCfg = LipidSearch|Any CPU
		{2587F68B-ECCB-4224-AFED-60BDF91445F4}.LipidSearch|x86.Build.0 = LipidSearch|Any CPU
		{2587F68B-ECCB-4224-AFED-60BDF91445F4}.mzkit_win32|Any CPU.ActiveCfg = mzkit|Any CPU
		{2587F68B-ECCB-4224-AFED-60BDF91445F4}.mzkit_win32|Any CPU.Build.0 = mzkit|Any CPU
		{2587F68B-ECCB-4224-AFED-60BDF91445F4}.mzkit_win32|x64.ActiveCfg = mzkit|x64
		{2587F68B-ECCB-4224-AFED-60BDF91445F4}.mzkit_win32|x64.Build.0 = mzkit|x64
		{2587F68B-ECCB-4224-AFED-60BDF91445F4}.mzkit_win32|x86.ActiveCfg = mzkit|Any CPU
		{2587F68B-ECCB-4224-AFED-60BDF91445F4}.mzkit_win32|x86.Build.0 = mzkit|Any CPU
		{2587F68B-ECCB-4224-AFED-60BDF91445F4}.mzkit|Any CPU.ActiveCfg = mzkit|Any CPU
		{2587F68B-ECCB-4224-AFED-60BDF91445F4}.mzkit|Any CPU.Build.0 = mzkit|Any CPU
		{2587F68B-ECCB-4224-AFED-60BDF91445F4}.mzkit|x64.ActiveCfg = mzkit|x64
		{2587F68B-ECCB-4224-AFED-60BDF91445F4}.mzkit|x64.Build.0 = mzkit|x64
		{2587F68B-ECCB-4224-AFED-60BDF91445F4}.mzkit|x86.ActiveCfg = mzkit|Any CPU
		{2587F68B-ECCB-4224-AFED-60BDF91445F4}.mzkit|x86.Build.0 = mzkit|Any CPU
		{2587F68B-ECCB-4224-AFED-60BDF91445F4}.NPSearch|Any CPU.ActiveCfg = NPSearch|Any CPU
		{2587F68B-ECCB-4224-AFED-60BDF91445F4}.NPSearch|Any CPU.Build.0 = NPSearch|Any CPU
		{2587F68B-ECCB-4224-AFED-60BDF91445F4}.NPSearch|x64.ActiveCfg = NPSearch|x64
		{2587F68B-ECCB-4224-AFED-60BDF91445F4}.NPSearch|x64.Build.0 = NPSearch|x64
		{2587F68B-ECCB-4224-AFED-60BDF91445F4}.NPSearch|x86.ActiveCfg = NPSearch|Any CPU
		{2587F68B-ECCB-4224-AFED-60BDF91445F4}.NPSearch|x86.Build.0 = NPSearch|Any CPU
		{2587F68B-ECCB-4224-AFED-60BDF91445F4}.PlantMAT|Any CPU.ActiveCfg = Debug|Any CPU
		{2587F68B-ECCB-4224-AFED-60BDF91445F4}.PlantMAT|Any CPU.Build.0 = Debug|Any CPU
		{2587F68B-ECCB-4224-AFED-60BDF91445F4}.PlantMAT|x64.ActiveCfg = Debug|x64
		{2587F68B-ECCB-4224-AFED-60BDF91445F4}.PlantMAT|x64.Build.0 = Debug|x64
		{2587F68B-ECCB-4224-AFED-60BDF91445F4}.PlantMAT|x86.ActiveCfg = Debug|Any CPU
		{2587F68B-ECCB-4224-AFED-60BDF91445F4}.PlantMAT|x86.Build.0 = Debug|Any CPU
		{2587F68B-ECCB-4224-AFED-60BDF91445F4}.Release|Any CPU.ActiveCfg = Release|Any CPU
		{2587F68B-ECCB-4224-AFED-60BDF91445F4}.Release|Any CPU.Build.0 = Release|Any CPU
		{2587F68B-ECCB-4224-AFED-60BDF91445F4}.Release|x64.ActiveCfg = Release|x64
		{2587F68B-ECCB-4224-AFED-60BDF91445F4}.Release|x64.Build.0 = Release|x64
		{2587F68B-ECCB-4224-AFED-60BDF91445F4}.Release|x86.ActiveCfg = Release|Any CPU
		{2587F68B-ECCB-4224-AFED-60BDF91445F4}.Release|x86.Build.0 = Release|Any CPU
		{2587F68B-ECCB-4224-AFED-60BDF91445F4}.Rsharp_app_release|Any CPU.ActiveCfg = Rsharp_app_release|Any CPU
		{2587F68B-ECCB-4224-AFED-60BDF91445F4}.Rsharp_app_release|Any CPU.Build.0 = Rsharp_app_release|Any CPU
		{2587F68B-ECCB-4224-AFED-60BDF91445F4}.Rsharp_app_release|x64.ActiveCfg = Rsharp_app_release|x64
		{2587F68B-ECCB-4224-AFED-60BDF91445F4}.Rsharp_app_release|x64.Build.0 = Rsharp_app_release|x64
		{2587F68B-ECCB-4224-AFED-60BDF91445F4}.Rsharp_app_release|x86.ActiveCfg = Rsharp_app_release|Any CPU
		{2587F68B-ECCB-4224-AFED-60BDF91445F4}.Rsharp_app_release|x86.Build.0 = Rsharp_app_release|Any CPU
	EndGlobalSection
	GlobalSection(SolutionProperties) = preSolution
		HideSolutionNode = FALSE
	EndGlobalSection
	GlobalSection(NestedProjects) = preSolution
		{FFF8F266-3475-4A74-83D7-3E9BE2F09945} = {DFFE0BD8-D565-40E3-9A2C-F25D77B14A37}
		{4787540B-8C65-4C90-A364-D75E76B95D36} = {DFFE0BD8-D565-40E3-9A2C-F25D77B14A37}
		{EA0EF421-BDFF-4365-8392-65F5B08EAAA2} = {DFFE0BD8-D565-40E3-9A2C-F25D77B14A37}
		{2587F68B-ECCB-4224-AFED-60BDF91445F4} = {DFFE0BD8-D565-40E3-9A2C-F25D77B14A37}
	EndGlobalSection
	GlobalSection(ExtensibilityGlobals) = postSolution
		SolutionGuid = {74147E34-F7E8-4AD0-BAFC-D91132A99D25}
	EndGlobalSection
EndGlobal
